// !$*UTF8*$!
{
	archiveVersion = 1;
	classes = {
	};
	objectVersion = 46;
	objects = {

/* Begin PBXBuildFile section */
		BC760D4F1C4D0382004F7D13 /* main.m in Sources */ = {isa = PBXBuildFile; fileRef = BC760D4E1C4D0382004F7D13 /* main.m */; };
		BC760D521C4D0382004F7D13 /* AppDelegate.m in Sources */ = {isa = PBXBuildFile; fileRef = BC760D511C4D0382004F7D13 /* AppDelegate.m */; };
		BC760D5A1C4D0382004F7D13 /* Assets.xcassets in Resources */ = {isa = PBXBuildFile; fileRef = BC760D591C4D0382004F7D13 /* Assets.xcassets */; };
		BC760D5D1C4D0382004F7D13 /* LaunchScreen.storyboard in Resources */ = {isa = PBXBuildFile; fileRef = BC760D5B1C4D0382004F7D13 /* LaunchScreen.storyboard */; };
		BC760D681C4D0382004F7D13 /* StampTests.m in Sources */ = {isa = PBXBuildFile; fileRef = BC760D671C4D0382004F7D13 /* StampTests.m */; };
		BC760D731C4D0382004F7D13 /* StampUITests.m in Sources */ = {isa = PBXBuildFile; fileRef = BC760D721C4D0382004F7D13 /* StampUITests.m */; };
/* End PBXBuildFile section */

/* Begin PBXContainerItemProxy section */
		BC760D641C4D0382004F7D13 /* PBXContainerItemProxy */ = {
			isa = PBXContainerItemProxy;
			containerPortal = BC760D421C4D0381004F7D13 /* Project object */;
			proxyType = 1;
			remoteGlobalIDString = BC760D491C4D0382004F7D13;
			remoteInfo = Stamp;
		};
		BC760D6F1C4D0382004F7D13 /* PBXContainerItemProxy */ = {
			isa = PBXContainerItemProxy;
			containerPortal = BC760D421C4D0381004F7D13 /* Project object */;
			proxyType = 1;
			remoteGlobalIDString = BC760D491C4D0382004F7D13;
			remoteInfo = Stamp;
		};
/* End PBXContainerItemProxy section */

/* Begin PBXFileReference section */
		BC3031341C4DCC7B00687CDD /* URL.h */ = {isa = PBXFileReference; lastKnownFileType = sourcecode.c.h; path = URL.h; sourceTree = "<group>"; };
		BC760D4A1C4D0382004F7D13 /* Stamp.app */ = {isa = PBXFileReference; explicitFileType = wrapper.application; includeInIndex = 0; path = Stamp.app; sourceTree = BUILT_PRODUCTS_DIR; };
		BC760D4E1C4D0382004F7D13 /* main.m */ = {isa = PBXFileReference; lastKnownFileType = sourcecode.c.objc; path = main.m; sourceTree = "<group>"; };
		BC760D501C4D0382004F7D13 /* AppDelegate.h */ = {isa = PBXFileReference; lastKnownFileType = sourcecode.c.h; path = AppDelegate.h; sourceTree = "<group>"; };
		BC760D511C4D0382004F7D13 /* AppDelegate.m */ = {isa = PBXFileReference; lastKnownFileType = sourcecode.c.objc; path = AppDelegate.m; sourceTree = "<group>"; };
		BC760D591C4D0382004F7D13 /* Assets.xcassets */ = {isa = PBXFileReference; lastKnownFileType = folder.assetcatalog; path = Assets.xcassets; sourceTree = "<group>"; };
		BC760D5C1C4D0382004F7D13 /* Base */ = {isa = PBXFileReference; lastKnownFileType = file.storyboard; name = Base; path = Base.lproj/LaunchScreen.storyboard; sourceTree = "<group>"; };
		BC760D5E1C4D0382004F7D13 /* Info.plist */ = {isa = PBXFileReference; lastKnownFileType = text.plist.xml; path = Info.plist; sourceTree = "<group>"; };
		BC760D631C4D0382004F7D13 /* StampTests.xctest */ = {isa = PBXFileReference; explicitFileType = wrapper.cfbundle; includeInIndex = 0; path = StampTests.xctest; sourceTree = BUILT_PRODUCTS_DIR; };
		BC760D671C4D0382004F7D13 /* StampTests.m */ = {isa = PBXFileReference; lastKnownFileType = sourcecode.c.objc; path = StampTests.m; sourceTree = "<group>"; };
		BC760D691C4D0382004F7D13 /* Info.plist */ = {isa = PBXFileReference; lastKnownFileType = text.plist.xml; path = Info.plist; sourceTree = "<group>"; };
		BC760D6E1C4D0382004F7D13 /* StampUITests.xctest */ = {isa = PBXFileReference; explicitFileType = wrapper.cfbundle; includeInIndex = 0; path = StampUITests.xctest; sourceTree = BUILT_PRODUCTS_DIR; };
		BC760D721C4D0382004F7D13 /* StampUITests.m */ = {isa = PBXFileReference; lastKnownFileType = sourcecode.c.objc; path = StampUITests.m; sourceTree = "<group>"; };
		BC760D741C4D0382004F7D13 /* Info.plist */ = {isa = PBXFileReference; lastKnownFileType = text.plist.xml; path = Info.plist; sourceTree = "<group>"; };
/* End PBXFileReference section */

/* Begin PBXFrameworksBuildPhase section */
		BC760D471C4D0382004F7D13 /* Frameworks */ = {
			isa = PBXFrameworksBuildPhase;
			buildActionMask = 2147483647;
			files = (
			);
			runOnlyForDeploymentPostprocessing = 0;
		};
		BC760D601C4D0382004F7D13 /* Frameworks */ = {
			isa = PBXFrameworksBuildPhase;
			buildActionMask = 2147483647;
			files = (
			);
			runOnlyForDeploymentPostprocessing = 0;
		};
		BC760D6B1C4D0382004F7D13 /* Frameworks */ = {
			isa = PBXFrameworksBuildPhase;
			buildActionMask = 2147483647;
			files = (
			);
			runOnlyForDeploymentPostprocessing = 0;
		};
/* End PBXFrameworksBuildPhase section */

/* Begin PBXGroup section */
		BC3031321C4DC67800687CDD /* New Group */ = {
			isa = PBXGroup;
			children = (
			);
			name = "New Group";
			sourceTree = "<group>";
		};
		BC3031331C4DCC3500687CDD /* resource */ = {
			isa = PBXGroup;
			children = (
				BC3031341C4DCC7B00687CDD /* URL.h */,
			);
			name = resource;
			sourceTree = "<group>";
		};
		BC760D411C4D0381004F7D13 = {
			isa = PBXGroup;
			children = (
				BC760D4C1C4D0382004F7D13 /* Stamp */,
				BC760D661C4D0382004F7D13 /* StampTests */,
				BC760D711C4D0382004F7D13 /* StampUITests */,
				BC760D4B1C4D0382004F7D13 /* Products */,
			);
			sourceTree = "<group>";
		};
		BC760D4B1C4D0382004F7D13 /* Products */ = {
			isa = PBXGroup;
			children = (
				BC760D4A1C4D0382004F7D13 /* Stamp.app */,
				BC760D631C4D0382004F7D13 /* StampTests.xctest */,
				BC760D6E1C4D0382004F7D13 /* StampUITests.xctest */,
			);
			name = Products;
			sourceTree = "<group>";
		};
		BC760D4C1C4D0382004F7D13 /* Stamp */ = {
			isa = PBXGroup;
			children = (
				BC3031321C4DC67800687CDD /* New Group */,
				BC760D501C4D0382004F7D13 /* AppDelegate.h */,
				BC760D511C4D0382004F7D13 /* AppDelegate.m */,
				BC760D591C4D0382004F7D13 /* Assets.xcassets */,
				BC760D5B1C4D0382004F7D13 /* LaunchScreen.storyboard */,
				BC760D5E1C4D0382004F7D13 /* Info.plist */,
				BC760D4D1C4D0382004F7D13 /* Supporting Files */,
			);
			path = Stamp;
			sourceTree = "<group>";
		};
		BC760D4D1C4D0382004F7D13 /* Supporting Files */ = {
			isa = PBXGroup;
			children = (
				BC3031331C4DCC3500687CDD /* resource */,
				BC760D4E1C4D0382004F7D13 /* main.m */,
			);
			name = "Supporting Files";
			sourceTree = "<group>";
		};
		BC760D661C4D0382004F7D13 /* StampTests */ = {
			isa = PBXGroup;
			children = (
				BC760D671C4D0382004F7D13 /* StampTests.m */,
				BC760D691C4D0382004F7D13 /* Info.plist */,
			);
			path = StampTests;
			sourceTree = "<group>";
		};
		BC760D711C4D0382004F7D13 /* StampUITests */ = {
			isa = PBXGroup;
			children = (
				BC760D721C4D0382004F7D13 /* StampUITests.m */,
				BC760D741C4D0382004F7D13 /* Info.plist */,
			);
			path = StampUITests;
			sourceTree = "<group>";
		};
/* End PBXGroup section */

/* Begin PBXNativeTarget section */
		BC760D491C4D0382004F7D13 /* Stamp */ = {
			isa = PBXNativeTarget;
			buildConfigurationList = BC760D771C4D0382004F7D13 /* Build configuration list for PBXNativeTarget "Stamp" */;
			buildPhases = (
				BC760D461C4D0382004F7D13 /* Sources */,
				BC760D471C4D0382004F7D13 /* Frameworks */,
				BC760D481C4D0382004F7D13 /* Resources */,
			);
			buildRules = (
			);
			dependencies = (
			);
			name = Stamp;
			productName = Stamp;
			productReference = BC760D4A1C4D0382004F7D13 /* Stamp.app */;
			productType = "com.apple.product-type.application";
		};
		BC760D621C4D0382004F7D13 /* StampTests */ = {
			isa = PBXNativeTarget;
			buildConfigurationList = BC760D7A1C4D0382004F7D13 /* Build configuration list for PBXNativeTarget "StampTests" */;
			buildPhases = (
				BC760D5F1C4D0382004F7D13 /* Sources */,
				BC760D601C4D0382004F7D13 /* Frameworks */,
				BC760D611C4D0382004F7D13 /* Resources */,
			);
			buildRules = (
			);
			dependencies = (
				BC760D651C4D0382004F7D13 /* PBXTargetDependency */,
			);
			name = StampTests;
			productName = StampTests;
			productReference = BC760D631C4D0382004F7D13 /* StampTests.xctest */;
			productType = "com.apple.product-type.bundle.unit-test";
		};
		BC760D6D1C4D0382004F7D13 /* StampUITests */ = {
			isa = PBXNativeTarget;
			buildConfigurationList = BC760D7D1C4D0382004F7D13 /* Build configuration list for PBXNativeTarget "StampUITests" */;
			buildPhases = (
				BC760D6A1C4D0382004F7D13 /* Sources */,
				BC760D6B1C4D0382004F7D13 /* Frameworks */,
				BC760D6C1C4D0382004F7D13 /* Resources */,
			);
			buildRules = (
			);
			dependencies = (
				BC760D701C4D0382004F7D13 /* PBXTargetDependency */,
			);
			name = StampUITests;
			productName = StampUITests;
			productReference = BC760D6E1C4D0382004F7D13 /* StampUITests.xctest */;
			productType = "com.apple.product-type.bundle.ui-testing";
		};
/* End PBXNativeTarget section */

/* Begin PBXProject section */
		BC760D421C4D0381004F7D13 /* Project object */ = {
			isa = PBXProject;
			attributes = {
				LastUpgradeCheck = 0720;
				ORGANIZATIONNAME = qianfeng;
				TargetAttributes = {
					BC760D491C4D0382004F7D13 = {
						CreatedOnToolsVersion = 7.2;
					};
					BC760D621C4D0382004F7D13 = {
						CreatedOnToolsVersion = 7.2;
						TestTargetID = BC760D491C4D0382004F7D13;
					};
					BC760D6D1C4D0382004F7D13 = {
						CreatedOnToolsVersion = 7.2;
						TestTargetID = BC760D491C4D0382004F7D13;
					};
				};
			};
			buildConfigurationList = BC760D451C4D0381004F7D13 /* Build configuration list for PBXProject "Stamp" */;
			compatibilityVersion = "Xcode 3.2";
			developmentRegion = English;
			hasScannedForEncodings = 0;
			knownRegions = (
				en,
				Base,
			);
			mainGroup = BC760D411C4D0381004F7D13;
			productRefGroup = BC760D4B1C4D0382004F7D13 /* Products */;
			projectDirPath = "";
			projectRoot = "";
			targets = (
				BC760D491C4D0382004F7D13 /* Stamp */,
				BC760D621C4D0382004F7D13 /* StampTests */,
				BC760D6D1C4D0382004F7D13 /* StampUITests */,
			);
		};
/* End PBXProject section */

/* Begin PBXResourcesBuildPhase section */
		BC760D481C4D0382004F7D13 /* Resources */ = {
			isa = PBXResourcesBuildPhase;
			buildActionMask = 2147483647;
			files = (
				BC760D5D1C4D0382004F7D13 /* LaunchScreen.storyboard in Resources */,
				BC760D5A1C4D0382004F7D13 /* Assets.xcassets in Resources */,
			);
			runOnlyForDeploymentPostprocessing = 0;
		};
		BC760D611C4D0382004F7D13 /* Resources */ = {
			isa = PBXResourcesBuildPhase;
			buildActionMask = 2147483647;
			files = (
			);
			runOnlyForDeploymentPostprocessing = 0;
		};
		BC760D6C1C4D0382004F7D13 /* Resources */ = {
			isa = PBXResourcesBuildPhase;
			buildActionMask = 2147483647;
			files = (
			);
			runOnlyForDeploymentPostprocessing = 0;
		};
/* End PBXResourcesBuildPhase section */

/* Begin PBXSourcesBuildPhase section */
		BC760D461C4D0382004F7D13 /* Sources */ = {
			isa = PBXSourcesBuildPhase;
			buildActionMask = 2147483647;
			files = (
				BC760D521C4D0382004F7D13 /* AppDelegate.m in Sources */,
				BC760D4F1C4D0382004F7D13 /* main.m in Sources */,
			);
			runOnlyForDeploymentPostprocessing = 0;
		};
		BC760D5F1C4D0382004F7D13 /* Sources */ = {
			isa = PBXSourcesBuildPhase;
			buildActionMask = 2147483647;
			files = (
				BC760D681C4D0382004F7D13 /* StampTests.m in Sources */,
			);
			runOnlyForDeploymentPostprocessing = 0;
		};
		BC760D6A1C4D0382004F7D13 /* Sources */ = {
			isa = PBXSourcesBuildPhase;
			buildActionMask = 2147483647;
			files = (
				BC760D731C4D0382004F7D13 /* StampUITests.m in Sources */,
			);
			runOnlyForDeploymentPostprocessing = 0;
		};
/* End PBXSourcesBuildPhase section */

/* Begin PBXTargetDependency section */
		BC760D651C4D0382004F7D13 /* PBXTargetDependency */ = {
			isa = PBXTargetDependency;
			target = BC760D491C4D0382004F7D13 /* Stamp */;
			targetProxy = BC760D641C4D0382004F7D13 /* PBXContainerItemProxy */;
		};
		BC760D701C4D0382004F7D13 /* PBXTargetDependency */ = {
			isa = PBXTargetDependency;
			target = BC760D491C4D0382004F7D13 /* Stamp */;
			targetProxy = BC760D6F1C4D0382004F7D13 /* PBXContainerItemProxy */;
		};
/* End PBXTargetDependency section */

/* Begin PBXVariantGroup section */
		BC760D5B1C4D0382004F7D13 /* LaunchScreen.storyboard */ = {
			isa = PBXVariantGroup;
			children = (
				BC760D5C1C4D0382004F7D13 /* Base */,
			);
			name = LaunchScreen.storyboard;
			sourceTree = "<group>";
		};
/* End PBXVariantGroup section */

/* Begin XCBuildConfiguration section */
		BC760D751C4D0382004F7D13 /* Debug */ = {
			isa = XCBuildConfiguration;
			buildSettings = {
				ALWAYS_SEARCH_USER_PATHS = NO;
				CLANG_CXX_LANGUAGE_STANDARD = "gnu++0x";
				CLANG_CXX_LIBRARY = "libc++";
				CLANG_ENABLE_MODULES = YES;
				CLANG_ENABLE_OBJC_ARC = YES;
				CLANG_WARN_BOOL_CONVERSION = YES;
				CLANG_WARN_CONSTANT_CONVERSION = YES;
				CLANG_WARN_DIRECT_OBJC_ISA_USAGE = YES_ERROR;
				CLANG_WARN_EMPTY_BODY = YES;
				CLANG_WARN_ENUM_CONVERSION = YES;
				CLANG_WARN_INT_CONVERSION = YES;
				CLANG_WARN_OBJC_ROOT_CLASS = YES_ERROR;
				CLANG_WARN_UNREACHABLE_CODE = YES;
				CLANG_WARN__DUPLICATE_METHOD_MATCH = YES;
				"CODE_SIGN_IDENTITY[sdk=iphoneos*]" = "iPhone Developer";
				COPY_PHASE_STRIP = NO;
				DEBUG_INFORMATION_FORMAT = dwarf;
				ENABLE_STRICT_OBJC_MSGSEND = YES;
				ENABLE_TESTABILITY = YES;
				GCC_C_LANGUAGE_STANDARD = gnu99;
				GCC_DYNAMIC_NO_PIC = NO;
				GCC_NO_COMMON_BLOCKS = YES;
				GCC_OPTIMIZATION_LEVEL = 0;
				GCC_PREPROCESSOR_DEFINITIONS = (
					"DEBUG=1",
					"$(inherited)",
				);
				GCC_WARN_64_TO_32_BIT_CONVERSION = YES;
				GCC_WARN_ABOUT_RETURN_TYPE = YES_ERROR;
				GCC_WARN_UNDECLARED_SELECTOR = YES;
				GCC_WARN_UNINITIALIZED_AUTOS = YES_AGGRESSIVE;
				GCC_WARN_UNUSED_FUNCTION = YES;
				GCC_WARN_UNUSED_VARIABLE = YES;
				IPHONEOS_DEPLOYMENT_TARGET = 9.2;
				MTL_ENABLE_DEBUG_INFO = YES;
				ONLY_ACTIVE_ARCH = YES;
				SDKROOT = iphoneos;
				TARGETED_DEVICE_FAMILY = "1,2";
			};
			name = Debug;
		};
		BC760D761C4D0382004F7D13 /* Release */ = {
			isa = XCBuildConfiguration;
			buildSettings = {
				ALWAYS_SEARCH_USER_PATHS = NO;
				CLANG_CXX_LANGUAGE_STANDARD = "gnu++0x";
				CLANG_CXX_LIBRARY = "libc++";
				CLANG_ENABLE_MODULES = YES;
				CLANG_ENABLE_OBJC_ARC = YES;
				CLANG_WARN_BOOL_CONVERSION = YES;
				CLANG_WARN_CONSTANT_CONVERSION = YES;
				CLANG_WARN_DIRECT_OBJC_ISA_USAGE = YES_ERROR;
				CLANG_WARN_EMPTY_BODY = YES;
				CLANG_WARN_ENUM_CONVERSION = YES;
				CLANG_WARN_INT_CONVERSION = YES;
				CLANG_WARN_OBJC_ROOT_CLASS = YES_ERROR;
				CLANG_WARN_UNREACHABLE_CODE = YES;
				CLANG_WARN__DUPLICATE_METHOD_MATCH = YES;
				"CODE_SIGN_IDENTITY[sdk=iphoneos*]" = "iPhone Developer";
				COPY_PHASE_STRIP = NO;
				DEBUG_INFORMATION_FORMAT = "dwarf-with-dsym";
				ENABLE_NS_ASSERTIONS = NO;
				ENABLE_STRICT_OBJC_MSGSEND = YES;
				GCC_C_LANGUAGE_STANDARD = gnu99;
				GCC_NO_COMMON_BLOCKS = YES;
				GCC_WARN_64_TO_32_BIT_CONVERSION = YES;
				GCC_WARN_ABOUT_RETURN_TYPE = YES_ERROR;
				GCC_WARN_UNDECLARED_SELECTOR = YES;
				GCC_WARN_UNINITIALIZED_AUTOS = YES_AGGRESSIVE;
				GCC_WARN_UNUSED_FUNCTION = YES;
				GCC_WARN_UNUSED_VARIABLE = YES;
				IPHONEOS_DEPLOYMENT_TARGET = 9.2;
				MTL_ENABLE_DEBUG_INFO = NO;
				SDKROOT = iphoneos;
				TARGETED_DEVICE_FAMILY = "1,2";
				VALIDATE_PRODUCT = YES;
			};
			name = Release;
		};
		BC760D781C4D0382004F7D13 /* Debug */ = {
			isa = XCBuildConfiguration;
			buildSettings = {
				ASSETCATALOG_COMPILER_APPICON_NAME = AppIcon;
				INFOPLIST_FILE = Stamp/Info.plist;
				IPHONEOS_DEPLOYMENT_TARGET = 8.4;
				LD_RUNPATH_SEARCH_PATHS = "$(inherited) @executable_path/Frameworks";
				PRODUCT_BUNDLE_IDENTIFIER = com.Stamp;
				PRODUCT_NAME = "$(TARGET_NAME)";
			};
			name = Debug;
		};
		BC760D791C4D0382004F7D13 /* Release */ = {
			isa = XCBuildConfiguration;
			buildSettings = {
				ASSETCATALOG_COMPILER_APPICON_NAME = AppIcon;
				INFOPLIST_FILE = Stamp/Info.plist;
				IPHONEOS_DEPLOYMENT_TARGET = 8.4;
				LD_RUNPATH_SEARCH_PATHS = "$(inherited) @executable_path/Frameworks";
				PRODUCT_BUNDLE_IDENTIFIER = com.Stamp;
				PRODUCT_NAME = "$(TARGET_NAME)";
			};
			name = Release;
		};
		BC760D7B1C4D0382004F7D13 /* Debug */ = {
			isa = XCBuildConfiguration;
			buildSettings = {
				BUNDLE_LOADER = "$(TEST_HOST)";
				INFOPLIST_FILE = StampTests/Info.plist;
				LD_RUNPATH_SEARCH_PATHS = "$(inherited) @executable_path/Frameworks @loader_path/Frameworks";
				PRODUCT_BUNDLE_IDENTIFIER = com.StampTests;
				PRODUCT_NAME = "$(TARGET_NAME)";
				TEST_HOST = "$(BUILT_PRODUCTS_DIR)/Stamp.app/Stamp";
			};
			name = Debug;
		};
		BC760D7C1C4D0382004F7D13 /* Release */ = {
			isa = XCBuildConfiguration;
			buildSettings = {
				BUNDLE_LOADER = "$(TEST_HOST)";
				INFOPLIST_FILE = StampTests/Info.plist;
				LD_RUNPATH_SEARCH_PATHS = "$(inherited) @executable_path/Frameworks @loader_path/Frameworks";
				PRODUCT_BUNDLE_IDENTIFIER = com.StampTests;
				PRODUCT_NAME = "$(TARGET_NAME)";
				TEST_HOST = "$(BUILT_PRODUCTS_DIR)/Stamp.app/Stamp";
			};
			name = Release;
		};
		BC760D7E1C4D0382004F7D13 /* Debug */ = {
			isa = XCBuildConfiguration;
			buildSettings = {
				INFOPLIST_FILE = StampUITests/Info.plist;
				LD_RUNPATH_SEARCH_PATHS = "$(inherited) @executable_path/Frameworks @loader_path/Frameworks";
				PRODUCT_BUNDLE_IDENTIFIER = com.StampUITests;
				PRODUCT_NAME = "$(TARGET_NAME)";
				TEST_TARGET_NAME = Stamp;
				USES_XCTRUNNER = YES;
			};
			name = Debug;
		};
		BC760D7F1C4D0382004F7D13 /* Release */ = {
			isa = XCBuildConfiguration;
			buildSettings = {
				INFOPLIST_FILE = StampUITests/Info.plist;
				LD_RUNPATH_SEARCH_PATHS = "$(inherited) @executable_path/Frameworks @loader_path/Frameworks";
				PRODUCT_BUNDLE_IDENTIFIER = com.StampUITests;
				PRODUCT_NAME = "$(TARGET_NAME)";
				TEST_TARGET_NAME = Stamp;
				USES_XCTRUNNER = YES;
			};
			name = Release;
		};
/* End XCBuildConfiguration section */

/* Begin XCConfigurationList section */
		BC760D451C4D0381004F7D13 /* Build configuration list for PBXProject "Stamp" */ = {
			isa = XCConfigurationList;
			buildConfigurations = (
				BC760D751C4D0382004F7D13 /* Debug */,
				BC760D761C4D0382004F7D13 /* Release */,
			);
			defaultConfigurationIsVisible = 0;
			defaultConfigurationName = Release;
		};
		BC760D771C4D0382004F7D13 /* Build configuration list for PBXNativeTarget "Stamp" */ = {
			isa = XCConfigurationList;
			buildConfigurations = (
				BC760D781C4D0382004F7D13 /* Debug */,
				BC760D791C4D0382004F7D13 /* Release */,
			);
			defaultConfigurationIsVisible = 0;
			defaultConfigurationName = Release;
		};
		BC760D7A1C4D0382004F7D13 /* Build configuration list for PBXNativeTarget "StampTests" */ = {
			isa = XCConfigurationList;
			buildConfigurations = (
				BC760D7B1C4D0382004F7D13 /* Debug */,
				BC760D7C1C4D0382004F7D13 /* Release */,
			);
			defaultConfigurationIsVisible = 0;
			defaultConfigurationName = Release;
		};
		BC760D7D1C4D0382004F7D13 /* Build configuration list for PBXNativeTarget "StampUITests" */ = {
			isa = XCConfigurationList;
			buildConfigurations = (
				BC760D7E1C4D0382004F7D13 /* Debug */,
				BC760D7F1C4D0382004F7D13 /* Release */,
			);
			defaultConfigurationIsVisible = 0;
			defaultConfigurationName = Release;
		};
/* End XCConfigurationList section */
	};
	rootObject = BC760D421C4D0381004F7D13 /* Project object */;
}
